
Microsoft Visual Studio Solution File, Format Version 12.00
# Visual Studio 2013
VisualStudioVersion = 12.0.31101.0
MinimumVisualStudioVersion = 10.0.40219.1
Project("{159641D6-6404-4A2A-AE62-294DE0FE8301}") = "ExecutionTrees", "Execution Trees\ExecutionTrees.dtproj", "{F188C9C3-409F-4AA0-9D2C-8B994E64F1E3}"
EndProject
Global
	GlobalSection(SolutionConfigurationPlatforms) = preSolution
		Development|Default = Development|Default
	EndGlobalSection
	GlobalSection(ProjectConfigurationPlatforms) = postSolution
		{F188C9C3-409F-4AA0-9D2C-8B994E64F1E3}.Development|Default.ActiveCfg = Development
		{F188C9C3-409F-4AA0-9D2C-8B994E64F1E3}.Development|Default.Build.0 = Development
	EndGlobalSection
	GlobalSection(SolutionProperties) = preSolution
		HideSolutionNode = FALSE
	EndGlobalSection
EndGlobal
